
Microsoft Visual Studio Solution File, Format Version 12.00
# Visual Studio Version 17
VisualStudioVersion = 17.12.35527.113
MinimumVisualStudioVersion = 10.0.40219.1
Project("{FAE04EC0-301F-11D3-BF4B-00C04F79EFBC}") = "KursProject_Osin_23VP2", "KursProject_Osin_23VP2.csproj", "{0D36E57D-90A0-459F-B09C-E748B0CE7DA4}"
EndProject
Project("{54435603-DBB4-11D2-8724-00A0C9A8B90C}") = "Automarket", "..\KursProject_OOP_Osin\Installer\Automarket\Automarket.vdproj", "{55984867-11E3-CAC8-E6A4-9B0B800EE60A}"
EndProject
Global
	GlobalSection(SolutionConfigurationPlatforms) = preSolution
		Debug|Any CPU = Debug|Any CPU
		Release|Any CPU = Release|Any CPU
	EndGlobalSection
	GlobalSection(ProjectConfigurationPlatforms) = postSolution
		{0D36E57D-90A0-459F-B09C-E748B0CE7DA4}.Debug|Any CPU.ActiveCfg = Debug|Any CPU
		{0D36E57D-90A0-459F-B09C-E748B0CE7DA4}.Debug|Any CPU.Build.0 = Debug|Any CPU
		{0D36E57D-90A0-459F-B09C-E748B0CE7DA4}.Release|Any CPU.ActiveCfg = Release|Any CPU
		{0D36E57D-90A0-459F-B09C-E748B0CE7DA4}.Release|Any CPU.Build.0 = Release|Any CPU
		{55984867-11E3-CAC8-E6A4-9B0B800EE60A}.Debug|Any CPU.ActiveCfg = Debug
		{55984867-11E3-CAC8-E6A4-9B0B800EE60A}.Release|Any CPU.ActiveCfg = Release
	EndGlobalSection
	GlobalSection(SolutionProperties) = preSolution
		HideSolutionNode = FALSE
	EndGlobalSection
	GlobalSection(ExtensibilityGlobals) = postSolution
		SolutionGuid = {B0357ACC-3398-4EAC-B055-7E91C93FB152}
	EndGlobalSection
EndGlobal
