
Microsoft Visual Studio Solution File, Format Version 12.00
# Visual Studio Version 17
VisualStudioVersion = 17.10.34916.146
MinimumVisualStudioVersion = 10.0.40219.1
Project("{FAE04EC0-301F-11D3-BF4B-00C04F79EFBC}") = "Lab8", "Lab8\Lab8.csproj", "{F556F8F9-BE4B-4F12-ADA4-1FE346D3D6F8}"
EndProject
Global
	GlobalSection(SolutionConfigurationPlatforms) = preSolution
		Debug|Any CPU = Debug|Any CPU
		Release|Any CPU = Release|Any CPU
	EndGlobalSection
	GlobalSection(ProjectConfigurationPlatforms) = postSolution
		{F556F8F9-BE4B-4F12-ADA4-1FE346D3D6F8}.Debug|Any CPU.ActiveCfg = Debug|Any CPU
		{F556F8F9-BE4B-4F12-ADA4-1FE346D3D6F8}.Debug|Any CPU.Build.0 = Debug|Any CPU
		{F556F8F9-BE4B-4F12-ADA4-1FE346D3D6F8}.Release|Any CPU.ActiveCfg = Release|Any CPU
		{F556F8F9-BE4B-4F12-ADA4-1FE346D3D6F8}.Release|Any CPU.Build.0 = Release|Any CPU
	EndGlobalSection
	GlobalSection(SolutionProperties) = preSolution
		HideSolutionNode = FALSE
	EndGlobalSection
	GlobalSection(ExtensibilityGlobals) = postSolution
		SolutionGuid = {52DBD177-C178-4F36-B0CB-ADEF3F04204A}
	EndGlobalSection
EndGlobal
